<?xml version="1.0" encoding="utf-8"?>
<Project ToolsVersion="4.0" xmlns="http://schemas.microsoft.com/developer/msbuild/2003">
  <ItemGroup>
    <Filter Include="src">
      <UniqueIdentifier>{4FC737F1-C7A5-4376-A066-2A32D752A2FF}</UniqueIdentifier>
      <Extensions>cpp;c;cc;cxx;def;odl;idl;hpj;bat;asm;asmx</Extensions>
    </Filter>
    <Filter Include="src\helpers">
      <UniqueIdentifier>{ac5f0a44-61ad-4f44-9073-65cb5da62aa5}</UniqueIdentifier>
    </Filter>
  </ItemGroup>
  <ItemGroup>
    <ClCompile Include="main.cpp">
      <Filter>src</Filter>
    </ClCompile>
  </ItemGroup>
  <ItemGroup>
    <ClInclude Include="CountSort.h">
      <Filter>src\helpers</Filter>
    </ClInclude>
    <ClInclude Include="BinarySearch.h">
      <Filter>src\helpers</Filter>
    </ClInclude>
    <ClInclude Include="Hash.h">
      <Filter>src\helpers</Filter>
    </ClInclude>
    <ClInclude Include="Tree.h">
      <Filter>src\helpers</Filter>
    </ClInclude>
    <ClInclude Include="RabinKarp.h">
      <Filter>src\helpers</Filter>
    </ClInclude>
    <ClInclude Include="Dijkstra.h">
      <Filter>src\helpers</Filter>
    </ClInclude>
  </ItemGroup>
  <ItemGroup>
    <Text Include="data.txt">
      <Filter>src\helpers</Filter>
    </Text>
  </ItemGroup>
  <ItemGroup>
    <None Include="dijkstra.in">
      <Filter>src\helpers</Filter>
    </None>
    <None Include="dijkstra.out">
      <Filter>src\helpers</Filter>
    </None>
  </ItemGroup>
</Project>